
Microsoft Visual Studio Solution File, Format Version 12.00
# Visual Studio Version 16
VisualStudioVersion = 16.0.29613.14
MinimumVisualStudioVersion = 10.0.40219.1
Project("{8BC9CEB8-8B4A-11D0-8D11-00A0C91BC942}") = "Fstat", "Fstat\Fstat.vcxproj", "{E1750F01-1320-4636-B705-41AEFC153A1D}"
EndProject
Global
	GlobalSection(SolutionConfigurationPlatforms) = preSolution
		Debug|x64 = Debug|x64
		Debug|x86 = Debug|x86
		Release|x64 = Release|x64
		Release|x86 = Release|x86
	EndGlobalSection
	GlobalSection(ProjectConfigurationPlatforms) = postSolution
		{E1750F01-1320-4636-B705-41AEFC153A1D}.Debug|x64.ActiveCfg = Debug|x64
		{E1750F01-1320-4636-B705-41AEFC153A1D}.Debug|x64.Build.0 = Debug|x64
		{E1750F01-1320-4636-B705-41AEFC153A1D}.Debug|x86.ActiveCfg = Debug|Win32
		{E1750F01-1320-4636-B705-41AEFC153A1D}.Debug|x86.Build.0 = Debug|Win32
		{E1750F01-1320-4636-B705-41AEFC153A1D}.Release|x64.ActiveCfg = Release|x64
		{E1750F01-1320-4636-B705-41AEFC153A1D}.Release|x64.Build.0 = Release|x64
		{E1750F01-1320-4636-B705-41AEFC153A1D}.Release|x86.ActiveCfg = Release|Win32
		{E1750F01-1320-4636-B705-41AEFC153A1D}.Release|x86.Build.0 = Release|Win32
	EndGlobalSection
	GlobalSection(SolutionProperties) = preSolution
		HideSolutionNode = FALSE
	EndGlobalSection
	GlobalSection(ExtensibilityGlobals) = postSolution
		SolutionGuid = {EA66704E-BA4F-49A9-ADCE-1A3C13C70B19}
	EndGlobalSection
EndGlobal
